
Microsoft Visual Studio Solution File, Format Version 12.00
# Visual Studio 14
VisualStudioVersion = 14.0.25420.1
MinimumVisualStudioVersion = 10.0.40219.1
Project("{FAE04EC0-301F-11D3-BF4B-00C04F79EFBC}") = "ExpenseIt", "ExpenseIt\ExpenseIt.csproj", "{CED97A8E-D6E1-49C0-BE89-13884B67AE18}"
EndProject
Project("{2150E333-8FDC-42A3-9474-1A3956D46DE8}") = "Solution Items", "Solution Items", "{A45C8AE7-DC2E-4F98-87E7-F61DC750BA54}"
	ProjectSection(SolutionItems) = preProject
		.gitignore = .gitignore
		LICENSE = LICENSE
		README.md = README.md
	EndProjectSection
EndProject
Project("{FAE04EC0-301F-11D3-BF4B-00C04F79EFBC}") = "ProcessRunner", "ProcessRunner\ProcessRunner.csproj", "{674AC129-687A-4ADD-A6C4-36A14D55CCAB}"
EndProject
Global
	GlobalSection(SolutionConfigurationPlatforms) = preSolution
		Debug|Any CPU = Debug|Any CPU
		Release|Any CPU = Release|Any CPU
	EndGlobalSection
	GlobalSection(ProjectConfigurationPlatforms) = postSolution
		{CED97A8E-D6E1-49C0-BE89-13884B67AE18}.Debug|Any CPU.ActiveCfg = Debug|Any CPU
		{CED97A8E-D6E1-49C0-BE89-13884B67AE18}.Debug|Any CPU.Build.0 = Debug|Any CPU
		{CED97A8E-D6E1-49C0-BE89-13884B67AE18}.Release|Any CPU.ActiveCfg = Release|Any CPU
		{CED97A8E-D6E1-49C0-BE89-13884B67AE18}.Release|Any CPU.Build.0 = Release|Any CPU
		{674AC129-687A-4ADD-A6C4-36A14D55CCAB}.Debug|Any CPU.ActiveCfg = Debug|Any CPU
		{674AC129-687A-4ADD-A6C4-36A14D55CCAB}.Debug|Any CPU.Build.0 = Debug|Any CPU
		{674AC129-687A-4ADD-A6C4-36A14D55CCAB}.Release|Any CPU.ActiveCfg = Release|Any CPU
		{674AC129-687A-4ADD-A6C4-36A14D55CCAB}.Release|Any CPU.Build.0 = Release|Any CPU
	EndGlobalSection
	GlobalSection(SolutionProperties) = preSolution
		HideSolutionNode = FALSE
	EndGlobalSection
EndGlobal
